# This file is automatically @generated by Cargo.
# It is not intended for manual editing.
version = 4

[[package]]
name = "pactrail"
version = "0.1.0"

[[package]]
name = "pactrail-core"
version = "0.1.0"

[[package]]
name = "pactrail-engine"
version = "0.1.0"

[[package]]
name = "pactrail-models"
version = "0.1.0"

[[package]]
name = "pactrail-store"
version = "0.1.0"

[[package]]
name = "pactrail-tools"
version = "0.1.0"

[[package]]
name = "pactrail-workspace"
version = "0.1.0"
